
Microsoft Visual Studio Solution File, Format Version 12.00
# Visual Studio Version 17
VisualStudioVersion = 17.0.32112.339
MinimumVisualStudioVersion = 10.0.40219.1
Project("{FAE04EC0-301F-11D3-BF4B-00C04F79EFBC}") = "Lab5", "Lab5\Lab5.csproj", "{1A3E4536-122C-4D20-9E7D-AF1B40E0FA43}"
EndProject
Global
	GlobalSection(SolutionConfigurationPlatforms) = preSolution
		Debug|Any CPU = Debug|Any CPU
		Release|Any CPU = Release|Any CPU
	EndGlobalSection
	GlobalSection(ProjectConfigurationPlatforms) = postSolution
		{1A3E4536-122C-4D20-9E7D-AF1B40E0FA43}.Debug|Any CPU.ActiveCfg = Debug|Any CPU
		{1A3E4536-122C-4D20-9E7D-AF1B40E0FA43}.Debug|Any CPU.Build.0 = Debug|Any CPU
		{1A3E4536-122C-4D20-9E7D-AF1B40E0FA43}.Release|Any CPU.ActiveCfg = Release|Any CPU
		{1A3E4536-122C-4D20-9E7D-AF1B40E0FA43}.Release|Any CPU.Build.0 = Release|Any CPU
	EndGlobalSection
	GlobalSection(SolutionProperties) = preSolution
		HideSolutionNode = FALSE
	EndGlobalSection
	GlobalSection(ExtensibilityGlobals) = postSolution
		SolutionGuid = {84A21C27-3EFB-45F4-A0DF-CF602F3F3D4D}
	EndGlobalSection
EndGlobal
